{
  "version": 4,
  "terraform_version": "1.8.5",
  "serial": 127,
  "lineage": "5d7ef463-ed64-6c9a-5067-cb8b46e02b68",
  "outputs": {
    "VMs_data": {
      "value": {
        "external_ip1": "89.169.135.136",
        "external_ip2": "89.169.137.254",
        "external_ip3": "89.169.145.177",
        "fqdn_name1": "clickhouse.ru-central1.internal",
        "fqdn_name2": "vector.ru-central1.internal",
        "fqdn_name3": "lighthouse.ru-central1.internal",
        "vm_name1": "clickhouse",
        "vm_name2": "vector",
        "vm_name3": "lighthouse"
      },
      "type": [
        "object",
        {
          "external_ip1": "string",
          "external_ip2": "string",
          "external_ip3": "string",
          "fqdn_name1": "string",
          "fqdn_name2": "string",
          "fqdn_name3": "string",
          "vm_name1": "string",
          "vm_name2": "string",
          "vm_name3": "string"
        }
      ]
    }
  },
  "resources": [
    {
      "mode": "data",
      "type": "yandex_compute_image",
      "name": "centos-clickhouse",
      "provider": "provider[\"registry.terraform.io/yandex-cloud/yandex\"]",
      "instances": [
        {
          "schema_version": 0,
          "attributes": {
            "created_at": "2024-09-02T11:00:45Z",
            "description": "centos 7",
            "family": "centos-7",
            "folder_id": "standard-images",
            "id": "fd8ovvnun4ov82js4nso",
            "image_id": "fd8ovvnun4ov82js4nso",
            "labels": {},
            "min_disk_size": 10,
            "name": "centos-7-v20240902",
            "os_type": "linux",
            "pooled": true,
            "product_ids": [
              "f2eajd188op3mm935jlk"
            ],
            "size": 2,
            "status": "ready"
          },
          "sensitive_attributes": []
        }
      ]
    },
    {
      "mode": "data",
      "type": "yandex_compute_image",
      "name": "centos-lighthouse",
      "provider": "provider[\"registry.terraform.io/yandex-cloud/yandex\"]",
      "instances": [
        {
          "schema_version": 0,
          "attributes": {
            "created_at": "2024-09-02T11:00:45Z",
            "description": "centos 7",
            "family": "centos-7",
            "folder_id": "standard-images",
            "id": "fd8ovvnun4ov82js4nso",
            "image_id": "fd8ovvnun4ov82js4nso",
            "labels": {},
            "min_disk_size": 10,
            "name": "centos-7-v20240902",
            "os_type": "linux",
            "pooled": true,
            "product_ids": [
              "f2eajd188op3mm935jlk"
            ],
            "size": 2,
            "status": "ready"
          },
          "sensitive_attributes": []
        }
      ]
    },
    {
      "mode": "data",
      "type": "yandex_compute_image",
      "name": "centos-vector",
      "provider": "provider[\"registry.terraform.io/yandex-cloud/yandex\"]",
      "instances": [
        {
          "schema_version": 0,
          "attributes": {
            "created_at": "2024-09-02T11:00:45Z",
            "description": "centos 7",
            "family": "centos-7",
            "folder_id": "standard-images",
            "id": "fd8ovvnun4ov82js4nso",
            "image_id": "fd8ovvnun4ov82js4nso",
            "labels": {},
            "min_disk_size": 10,
            "name": "centos-7-v20240902",
            "os_type": "linux",
            "pooled": true,
            "product_ids": [
              "f2eajd188op3mm935jlk"
            ],
            "size": 2,
            "status": "ready"
          },
          "sensitive_attributes": []
        }
      ]
    },
    {
      "mode": "managed",
      "type": "yandex_compute_instance",
      "name": "clickhouse",
      "provider": "provider[\"registry.terraform.io/yandex-cloud/yandex\"]",
      "instances": [
        {
          "schema_version": 1,
          "attributes": {
            "allow_recreate": null,
            "allow_stopping_for_update": null,
            "boot_disk": [
              {
                "auto_delete": true,
                "device_name": "fhmiff09659f8b1mu8na",
                "disk_id": "fhmiff09659f8b1mu8na",
                "initialize_params": [
                  {
                    "block_size": 4096,
                    "description": "",
                    "image_id": "fd8ovvnun4ov82js4nso",
                    "name": "",
                    "size": 10,
                    "snapshot_id": "",
                    "type": "network-hdd"
                  }
                ],
                "mode": "READ_WRITE"
              }
            ],
            "created_at": "2024-09-02T19:26:20Z",
            "description": "",
            "filesystem": [],
            "folder_id": "b1glq93bir0j2f0sl892",
            "fqdn": "clickhouse.ru-central1.internal",
            "gpu_cluster_id": "",
            "hostname": "clickhouse",
            "id": "fhmh90jsmjp3fedqp25r",
            "labels": null,
            "local_disk": [],
            "maintenance_grace_period": "",
            "maintenance_policy": null,
            "metadata": {
              "serial-port-enable": "1",
              "ssh-keys": "centos:ssh-rsa AAAAB3NzaC1yc2EAAAADAQABAAABgQDLxyjLSfW4ug6caUUekByUSo14n7vqMrdDSoRs6l445qqpnPPleXTw0yakNfVttf+zWTH2cVgRF5NfWZtCmkx92ICwLYS6eQAo6z9Kh601ofmjFR8jUoqBKhKbI5ZQfpG7jXj1JhDIHu8YAVd7Vm6L7pSSSMjiMHvdVo6JShnOmz6qXNR7M/NsOb8kJRFZPDFLjR5+Vn/1Yp0VnsBQ8hUts7FZaQFeOy7u0+Xm+Erifik6i9sqJRZM7qGReNEETiah7oMy3nKbzKvWKhb9tLxx2P9LgOZViYPYbhFD+RiRqqj0SuXoP+p1mj0aajYFzYv7aJ+gLXJGC60cswqYou4hYUL6DJhTr6QEsbvYF3uU8sv0i2QMwOLCE5S2XDPi74ybXBDZPQgMYLbNs4KaSmN+L/mhC3/RTl/nc82tYx2oT6i1E2AZLec6owypQ3YpSOTr3Ojo4IpG/9acTO0UUXsobYVyc2JqeoblEDX8pQSFf2n99mmyY1NKvHXpa2Eq6xc= root@DESKTOP-49NVMPO-2024-07-02\n"
            },
            "metadata_options": [
              {
                "aws_v1_http_endpoint": 1,
                "aws_v1_http_token": 2,
                "gce_http_endpoint": 1,
                "gce_http_token": 1
              }
            ],
            "name": "clickhouse",
            "network_acceleration_type": "standard",
            "network_interface": [
              {
                "dns_record": [],
                "index": 0,
                "ip_address": "10.10.10.11",
                "ipv4": true,
                "ipv6": false,
                "ipv6_address": "",
                "ipv6_dns_record": [],
                "mac_address": "d0:0d:11:48:27:cb",
                "nat": true,
                "nat_dns_record": [],
                "nat_ip_address": "89.169.135.136",
                "nat_ip_version": "IPV4",
                "security_group_ids": [],
                "subnet_id": "e9baka82un7qrhpek63j"
              }
            ],
            "placement_policy": [
              {
                "host_affinity_rules": [],
                "placement_group_id": "",
                "placement_group_partition": 0
              }
            ],
            "platform_id": "standard-v1",
            "resources": [
              {
                "core_fraction": 5,
                "cores": 2,
                "gpus": 0,
                "memory": 2
              }
            ],
            "scheduling_policy": [
              {
                "preemptible": true
              }
            ],
            "secondary_disk": [],
            "service_account_id": "",
            "status": "running",
            "timeouts": null,
            "zone": "ru-central1-a"
          },
          "sensitive_attributes": [],
          "private": "eyJlMmJmYjczMC1lY2FhLTExZTYtOGY4OC0zNDM2M2JjN2M0YzAiOnsiY3JlYXRlIjozMDAwMDAwMDAwMDAsImRlbGV0ZSI6MzAwMDAwMDAwMDAwLCJ1cGRhdGUiOjMwMDAwMDAwMDAwMH0sInNjaGVtYV92ZXJzaW9uIjoiMSJ9",
          "dependencies": [
            "data.yandex_compute_image.centos-clickhouse",
            "yandex_vpc_network.vpc_db",
            "yandex_vpc_subnet.subnet_db"
          ]
        }
      ]
    },
    {
      "mode": "managed",
      "type": "yandex_compute_instance",
      "name": "lighthouse",
      "provider": "provider[\"registry.terraform.io/yandex-cloud/yandex\"]",
      "instances": [
        {
          "schema_version": 1,
          "attributes": {
            "allow_recreate": null,
            "allow_stopping_for_update": null,
            "boot_disk": [
              {
                "auto_delete": true,
                "device_name": "fhmkenesng4kur83cpbj",
                "disk_id": "fhmkenesng4kur83cpbj",
                "initialize_params": [
                  {
                    "block_size": 4096,
                    "description": "",
                    "image_id": "fd8ovvnun4ov82js4nso",
                    "name": "",
                    "size": 10,
                    "snapshot_id": "",
                    "type": "network-hdd"
                  }
                ],
                "mode": "READ_WRITE"
              }
            ],
            "created_at": "2024-09-02T19:26:20Z",
            "description": "",
            "filesystem": [],
            "folder_id": "b1glq93bir0j2f0sl892",
            "fqdn": "lighthouse.ru-central1.internal",
            "gpu_cluster_id": "",
            "hostname": "lighthouse",
            "id": "fhmf1bmtuasgiogg786u",
            "labels": null,
            "local_disk": [],
            "maintenance_grace_period": "",
            "maintenance_policy": null,
            "metadata": {
              "serial-port-enable": "1",
              "ssh-keys": "centos:ssh-rsa AAAAB3NzaC1yc2EAAAADAQABAAABgQDLxyjLSfW4ug6caUUekByUSo14n7vqMrdDSoRs6l445qqpnPPleXTw0yakNfVttf+zWTH2cVgRF5NfWZtCmkx92ICwLYS6eQAo6z9Kh601ofmjFR8jUoqBKhKbI5ZQfpG7jXj1JhDIHu8YAVd7Vm6L7pSSSMjiMHvdVo6JShnOmz6qXNR7M/NsOb8kJRFZPDFLjR5+Vn/1Yp0VnsBQ8hUts7FZaQFeOy7u0+Xm+Erifik6i9sqJRZM7qGReNEETiah7oMy3nKbzKvWKhb9tLxx2P9LgOZViYPYbhFD+RiRqqj0SuXoP+p1mj0aajYFzYv7aJ+gLXJGC60cswqYou4hYUL6DJhTr6QEsbvYF3uU8sv0i2QMwOLCE5S2XDPi74ybXBDZPQgMYLbNs4KaSmN+L/mhC3/RTl/nc82tYx2oT6i1E2AZLec6owypQ3YpSOTr3Ojo4IpG/9acTO0UUXsobYVyc2JqeoblEDX8pQSFf2n99mmyY1NKvHXpa2Eq6xc= root@DESKTOP-49NVMPO-2024-07-02\n"
            },
            "metadata_options": [
              {
                "aws_v1_http_endpoint": 1,
                "aws_v1_http_token": 2,
                "gce_http_endpoint": 1,
                "gce_http_token": 1
              }
            ],
            "name": "lighthouse",
            "network_acceleration_type": "standard",
            "network_interface": [
              {
                "dns_record": [],
                "index": 0,
                "ip_address": "10.10.10.13",
                "ipv4": true,
                "ipv6": false,
                "ipv6_address": "",
                "ipv6_dns_record": [],
                "mac_address": "d0:0d:f0:ae:dd:f2",
                "nat": true,
                "nat_dns_record": [],
                "nat_ip_address": "89.169.145.177",
                "nat_ip_version": "IPV4",
                "security_group_ids": [],
                "subnet_id": "e9baka82un7qrhpek63j"
              }
            ],
            "placement_policy": [
              {
                "host_affinity_rules": [],
                "placement_group_id": "",
                "placement_group_partition": 0
              }
            ],
            "platform_id": "standard-v1",
            "resources": [
              {
                "core_fraction": 5,
                "cores": 2,
                "gpus": 0,
                "memory": 2
              }
            ],
            "scheduling_policy": [
              {
                "preemptible": true
              }
            ],
            "secondary_disk": [],
            "service_account_id": "",
            "status": "running",
            "timeouts": null,
            "zone": "ru-central1-a"
          },
          "sensitive_attributes": [],
          "private": "eyJlMmJmYjczMC1lY2FhLTExZTYtOGY4OC0zNDM2M2JjN2M0YzAiOnsiY3JlYXRlIjozMDAwMDAwMDAwMDAsImRlbGV0ZSI6MzAwMDAwMDAwMDAwLCJ1cGRhdGUiOjMwMDAwMDAwMDAwMH0sInNjaGVtYV92ZXJzaW9uIjoiMSJ9",
          "dependencies": [
            "data.yandex_compute_image.centos-lighthouse",
            "yandex_vpc_network.vpc_db",
            "yandex_vpc_subnet.subnet_db"
          ]
        }
      ]
    },
    {
      "mode": "managed",
      "type": "yandex_compute_instance",
      "name": "vector",
      "provider": "provider[\"registry.terraform.io/yandex-cloud/yandex\"]",
      "instances": [
        {
          "schema_version": 1,
          "attributes": {
            "allow_recreate": null,
            "allow_stopping_for_update": null,
            "boot_disk": [
              {
                "auto_delete": true,
                "device_name": "fhmko9f4mpcih5v11tr7",
                "disk_id": "fhmko9f4mpcih5v11tr7",
                "initialize_params": [
                  {
                    "block_size": 4096,
                    "description": "",
                    "image_id": "fd8ovvnun4ov82js4nso",
                    "name": "",
                    "size": 10,
                    "snapshot_id": "",
                    "type": "network-hdd"
                  }
                ],
                "mode": "READ_WRITE"
              }
            ],
            "created_at": "2024-09-02T19:26:20Z",
            "description": "",
            "filesystem": [],
            "folder_id": "b1glq93bir0j2f0sl892",
            "fqdn": "vector.ru-central1.internal",
            "gpu_cluster_id": "",
            "hostname": "vector",
            "id": "fhmo1jcdfk3c4pq2v04k",
            "labels": null,
            "local_disk": [],
            "maintenance_grace_period": "",
            "maintenance_policy": null,
            "metadata": {
              "serial-port-enable": "1",
              "ssh-keys": "centos:ssh-rsa AAAAB3NzaC1yc2EAAAADAQABAAABgQDLxyjLSfW4ug6caUUekByUSo14n7vqMrdDSoRs6l445qqpnPPleXTw0yakNfVttf+zWTH2cVgRF5NfWZtCmkx92ICwLYS6eQAo6z9Kh601ofmjFR8jUoqBKhKbI5ZQfpG7jXj1JhDIHu8YAVd7Vm6L7pSSSMjiMHvdVo6JShnOmz6qXNR7M/NsOb8kJRFZPDFLjR5+Vn/1Yp0VnsBQ8hUts7FZaQFeOy7u0+Xm+Erifik6i9sqJRZM7qGReNEETiah7oMy3nKbzKvWKhb9tLxx2P9LgOZViYPYbhFD+RiRqqj0SuXoP+p1mj0aajYFzYv7aJ+gLXJGC60cswqYou4hYUL6DJhTr6QEsbvYF3uU8sv0i2QMwOLCE5S2XDPi74ybXBDZPQgMYLbNs4KaSmN+L/mhC3/RTl/nc82tYx2oT6i1E2AZLec6owypQ3YpSOTr3Ojo4IpG/9acTO0UUXsobYVyc2JqeoblEDX8pQSFf2n99mmyY1NKvHXpa2Eq6xc= root@DESKTOP-49NVMPO-2024-07-02\n"
            },
            "metadata_options": [
              {
                "aws_v1_http_endpoint": 1,
                "aws_v1_http_token": 2,
                "gce_http_endpoint": 1,
                "gce_http_token": 1
              }
            ],
            "name": "vector",
            "network_acceleration_type": "standard",
            "network_interface": [
              {
                "dns_record": [],
                "index": 0,
                "ip_address": "10.10.10.12",
                "ipv4": true,
                "ipv6": false,
                "ipv6_address": "",
                "ipv6_dns_record": [],
                "mac_address": "d0:0d:18:0c:d8:d7",
                "nat": true,
                "nat_dns_record": [],
                "nat_ip_address": "89.169.137.254",
                "nat_ip_version": "IPV4",
                "security_group_ids": [],
                "subnet_id": "e9baka82un7qrhpek63j"
              }
            ],
            "placement_policy": [
              {
                "host_affinity_rules": [],
                "placement_group_id": "",
                "placement_group_partition": 0
              }
            ],
            "platform_id": "standard-v1",
            "resources": [
              {
                "core_fraction": 5,
                "cores": 2,
                "gpus": 0,
                "memory": 2
              }
            ],
            "scheduling_policy": [
              {
                "preemptible": true
              }
            ],
            "secondary_disk": [],
            "service_account_id": "",
            "status": "running",
            "timeouts": null,
            "zone": "ru-central1-a"
          },
          "sensitive_attributes": [],
          "private": "eyJlMmJmYjczMC1lY2FhLTExZTYtOGY4OC0zNDM2M2JjN2M0YzAiOnsiY3JlYXRlIjozMDAwMDAwMDAwMDAsImRlbGV0ZSI6MzAwMDAwMDAwMDAwLCJ1cGRhdGUiOjMwMDAwMDAwMDAwMH0sInNjaGVtYV92ZXJzaW9uIjoiMSJ9",
          "dependencies": [
            "data.yandex_compute_image.centos-vector",
            "yandex_vpc_network.vpc_db",
            "yandex_vpc_subnet.subnet_db"
          ]
        }
      ]
    },
    {
      "mode": "managed",
      "type": "yandex_vpc_network",
      "name": "vpc_db",
      "provider": "provider[\"registry.terraform.io/yandex-cloud/yandex\"]",
      "instances": [
        {
          "schema_version": 0,
          "attributes": {
            "created_at": "2024-09-02T19:26:17Z",
            "default_security_group_id": "enp7f0k8srdn6j465qbe",
            "description": "",
            "folder_id": "b1glq93bir0j2f0sl892",
            "id": "enpmrdiu5o295njlhqgo",
            "labels": {},
            "name": "vpc_db",
            "subnet_ids": [],
            "timeouts": null
          },
          "sensitive_attributes": [],
          "private": "eyJlMmJmYjczMC1lY2FhLTExZTYtOGY4OC0zNDM2M2JjN2M0YzAiOnsiY3JlYXRlIjo2MDAwMDAwMDAwMCwiZGVsZXRlIjo2MDAwMDAwMDAwMCwidXBkYXRlIjo2MDAwMDAwMDAwMH19"
        }
      ]
    },
    {
      "mode": "managed",
      "type": "yandex_vpc_subnet",
      "name": "subnet_db",
      "provider": "provider[\"registry.terraform.io/yandex-cloud/yandex\"]",
      "instances": [
        {
          "schema_version": 0,
          "attributes": {
            "created_at": "2024-09-02T19:26:19Z",
            "description": "",
            "dhcp_options": [],
            "folder_id": "b1glq93bir0j2f0sl892",
            "id": "e9baka82un7qrhpek63j",
            "labels": {},
            "name": "subnet_db",
            "network_id": "enpmrdiu5o295njlhqgo",
            "route_table_id": "",
            "timeouts": null,
            "v4_cidr_blocks": [
              "10.10.10.0/24"
            ],
            "v6_cidr_blocks": [],
            "zone": "ru-central1-a"
          },
          "sensitive_attributes": [],
          "private": "eyJlMmJmYjczMC1lY2FhLTExZTYtOGY4OC0zNDM2M2JjN2M0YzAiOnsiY3JlYXRlIjoxODAwMDAwMDAwMDAsImRlbGV0ZSI6MTgwMDAwMDAwMDAwLCJ1cGRhdGUiOjE4MDAwMDAwMDAwMH19",
          "dependencies": [
            "yandex_vpc_network.vpc_db"
          ]
        }
      ]
    }
  ],
  "check_results": null
}
