{
  "version": 4,
  "terraform_version": "1.8.5",
  "serial": 185,
  "lineage": "5d7ef463-ed64-6c9a-5067-cb8b46e02b68",
  "outputs": {},
  "resources": [
    {
      "mode": "data",
      "type": "yandex_compute_image",
      "name": "centos-clickhouse",
      "provider": "provider[\"registry.terraform.io/yandex-cloud/yandex\"]",
      "instances": [
        {
          "schema_version": 0,
          "attributes": {
            "created_at": "2024-09-04T06:43:30Z",
            "description": "ubuntu 20.04 lts",
            "family": "ubuntu-2004-lts",
            "folder_id": "standard-images",
            "id": "fd848odgk4evs55r1cf3",
            "image_id": "fd848odgk4evs55r1cf3",
            "labels": {},
            "min_disk_size": 5,
            "name": "ubuntu-20-04-lts-v20240904",
            "os_type": "linux",
            "pooled": true,
            "product_ids": [
              "f2eds615s05rddvj6cdp"
            ],
            "size": 4,
            "status": "ready"
          },
          "sensitive_attributes": []
        }
      ]
    },
    {
      "mode": "managed",
      "type": "yandex_compute_instance",
      "name": "clickhouse",
      "provider": "provider[\"registry.terraform.io/yandex-cloud/yandex\"]",
      "instances": [
        {
          "schema_version": 1,
          "attributes": {
            "allow_recreate": null,
            "allow_stopping_for_update": null,
            "boot_disk": [
              {
                "auto_delete": true,
                "device_name": "fhm81v51vthn0np4u0bn",
                "disk_id": "fhm81v51vthn0np4u0bn",
                "initialize_params": [
                  {
                    "block_size": 4096,
                    "description": "",
                    "image_id": "fd8m6vs8suqgm9afve5g",
                    "name": "",
                    "size": 50,
                    "snapshot_id": "",
                    "type": "network-ssd"
                  }
                ],
                "mode": "READ_WRITE"
              }
            ],
            "created_at": "2024-09-05T22:22:52Z",
            "description": "",
            "filesystem": [],
            "folder_id": "b1glq93bir0j2f0sl892",
            "fqdn": "clickhouse.ru-central1.internal",
            "gpu_cluster_id": "",
            "hostname": "clickhouse",
            "id": "fhmr3obp7n4q1ftns1il",
            "labels": null,
            "local_disk": [],
            "maintenance_grace_period": "",
            "maintenance_policy": null,
            "metadata": {
              "serial-port-enable": "1",
              "ssh-keys": "ubuntu:ssh-rsa AAAAB3NzaC1yc2EAAAADAQABAAABgQDLxyjLSfW4ug6caUUekByUSo14n7vqMrdDSoRs6l445qqpnPPleXTw0yakNfVttf+zWTH2cVgRF5NfWZtCmkx92ICwLYS6eQAo6z9Kh601ofmjFR8jUoqBKhKbI5ZQfpG7jXj1JhDIHu8YAVd7Vm6L7pSSSMjiMHvdVo6JShnOmz6qXNR7M/NsOb8kJRFZPDFLjR5+Vn/1Yp0VnsBQ8hUts7FZaQFeOy7u0+Xm+Erifik6i9sqJRZM7qGReNEETiah7oMy3nKbzKvWKhb9tLxx2P9LgOZViYPYbhFD+RiRqqj0SuXoP+p1mj0aajYFzYv7aJ+gLXJGC60cswqYou4hYUL6DJhTr6QEsbvYF3uU8sv0i2QMwOLCE5S2XDPi74ybXBDZPQgMYLbNs4KaSmN+L/mhC3/RTl/nc82tYx2oT6i1E2AZLec6owypQ3YpSOTr3Ojo4IpG/9acTO0UUXsobYVyc2JqeoblEDX8pQSFf2n99mmyY1NKvHXpa2Eq6xc= root@DESKTOP-49NVMPO-2024-07-02\n"
            },
            "metadata_options": [
              {
                "aws_v1_http_endpoint": 1,
                "aws_v1_http_token": 2,
                "gce_http_endpoint": 1,
                "gce_http_token": 1
              }
            ],
            "name": "clickhouse",
            "network_acceleration_type": "standard",
            "network_interface": [
              {
                "dns_record": [],
                "index": 0,
                "ip_address": "10.10.10.11",
                "ipv4": true,
                "ipv6": false,
                "ipv6_address": "",
                "ipv6_dns_record": [],
                "mac_address": "d0:0d:1b:1e:17:93",
                "nat": true,
                "nat_dns_record": [],
                "nat_ip_address": "51.250.94.218",
                "nat_ip_version": "IPV4",
                "security_group_ids": [],
                "subnet_id": "e9bv14fgk0obplta20m6"
              }
            ],
            "placement_policy": [
              {
                "host_affinity_rules": [],
                "placement_group_id": "",
                "placement_group_partition": 0
              }
            ],
            "platform_id": "standard-v1",
            "resources": [
              {
                "core_fraction": 100,
                "cores": 8,
                "gpus": 0,
                "memory": 16
              }
            ],
            "scheduling_policy": [
              {
                "preemptible": true
              }
            ],
            "secondary_disk": [],
            "service_account_id": "",
            "status": "running",
            "timeouts": null,
            "zone": "ru-central1-a"
          },
          "sensitive_attributes": [],
          "private": "eyJlMmJmYjczMC1lY2FhLTExZTYtOGY4OC0zNDM2M2JjN2M0YzAiOnsiY3JlYXRlIjozMDAwMDAwMDAwMDAsImRlbGV0ZSI6MzAwMDAwMDAwMDAwLCJ1cGRhdGUiOjMwMDAwMDAwMDAwMH0sInNjaGVtYV92ZXJzaW9uIjoiMSJ9",
          "dependencies": [
            "yandex_vpc_network.vpc_db",
            "yandex_vpc_subnet.subnet_db"
          ]
        }
      ]
    },
    {
      "mode": "managed",
      "type": "yandex_vpc_network",
      "name": "vpc_db",
      "provider": "provider[\"registry.terraform.io/yandex-cloud/yandex\"]",
      "instances": [
        {
          "schema_version": 0,
          "attributes": {
            "created_at": "2024-09-05T22:22:50Z",
            "default_security_group_id": "enpip3c08nntcavjkau7",
            "description": "",
            "folder_id": "b1glq93bir0j2f0sl892",
            "id": "enp4c5irlu1iuqso0e00",
            "labels": {},
            "name": "vpc_db",
            "subnet_ids": [],
            "timeouts": null
          },
          "sensitive_attributes": [],
          "private": "eyJlMmJmYjczMC1lY2FhLTExZTYtOGY4OC0zNDM2M2JjN2M0YzAiOnsiY3JlYXRlIjo2MDAwMDAwMDAwMCwiZGVsZXRlIjo2MDAwMDAwMDAwMCwidXBkYXRlIjo2MDAwMDAwMDAwMH19"
        }
      ]
    },
    {
      "mode": "managed",
      "type": "yandex_vpc_subnet",
      "name": "subnet_db",
      "provider": "provider[\"registry.terraform.io/yandex-cloud/yandex\"]",
      "instances": [
        {
          "schema_version": 0,
          "attributes": {
            "created_at": "2024-09-05T22:22:51Z",
            "description": "",
            "dhcp_options": [],
            "folder_id": "b1glq93bir0j2f0sl892",
            "id": "e9bv14fgk0obplta20m6",
            "labels": {},
            "name": "subnet_db",
            "network_id": "enp4c5irlu1iuqso0e00",
            "route_table_id": "",
            "timeouts": null,
            "v4_cidr_blocks": [
              "10.10.10.0/24"
            ],
            "v6_cidr_blocks": [],
            "zone": "ru-central1-a"
          },
          "sensitive_attributes": [],
          "private": "eyJlMmJmYjczMC1lY2FhLTExZTYtOGY4OC0zNDM2M2JjN2M0YzAiOnsiY3JlYXRlIjoxODAwMDAwMDAwMDAsImRlbGV0ZSI6MTgwMDAwMDAwMDAwLCJ1cGRhdGUiOjE4MDAwMDAwMDAwMH19",
          "dependencies": [
            "yandex_vpc_network.vpc_db"
          ]
        }
      ]
    }
  ],
  "check_results": null
}
