{
  "version": 4,
  "terraform_version": "1.8.5",
  "serial": 132,
  "lineage": "5d7ef463-ed64-6c9a-5067-cb8b46e02b68",
  "outputs": {},
  "resources": [
    {
      "mode": "managed",
      "type": "yandex_compute_instance",
      "name": "gitlab",
      "provider": "provider[\"registry.terraform.io/yandex-cloud/yandex\"]",
      "instances": [
        {
          "schema_version": 1,
          "attributes": {
            "allow_recreate": null,
            "allow_stopping_for_update": null,
            "boot_disk": [
              {
                "auto_delete": true,
                "device_name": "fhmu08ch3h6qbmj22gnt",
                "disk_id": "fhmu08ch3h6qbmj22gnt",
                "initialize_params": [
                  {
                    "block_size": 4096,
                    "description": "",
                    "image_id": "fd874d4jo8jbroqs6d7i",
                    "name": "",
                    "size": 10,
                    "snapshot_id": "",
                    "type": "network-hdd"
                  }
                ],
                "mode": "READ_WRITE"
              }
            ],
            "created_at": "2024-10-06T13:53:39Z",
            "description": "",
            "filesystem": [],
            "folder_id": "b1glq93bir0j2f0sl892",
            "fqdn": "tick.ru-central1.internal",
            "gpu_cluster_id": "",
            "hostname": "tick",
            "id": "fhmrhophiddrbsnsb8tf",
            "labels": null,
            "local_disk": [],
            "maintenance_grace_period": "",
            "maintenance_policy": null,
            "metadata": {
              "serial-port-enable": "1",
              "ssh-keys": "ubuntu:ssh-rsa AAAAB3NzaC1yc2EAAAADAQABAAABgQDLxyjLSfW4ug6caUUekByUSo14n7vqMrdDSoRs6l445qqpnPPleXTw0yakNfVttf+zWTH2cVgRF5NfWZtCmkx92ICwLYS6eQAo6z9Kh601ofmjFR8jUoqBKhKbI5ZQfpG7jXj1JhDIHu8YAVd7Vm6L7pSSSMjiMHvdVo6JShnOmz6qXNR7M/NsOb8kJRFZPDFLjR5+Vn/1Yp0VnsBQ8hUts7FZaQFeOy7u0+Xm+Erifik6i9sqJRZM7qGReNEETiah7oMy3nKbzKvWKhb9tLxx2P9LgOZViYPYbhFD+RiRqqj0SuXoP+p1mj0aajYFzYv7aJ+gLXJGC60cswqYou4hYUL6DJhTr6QEsbvYF3uU8sv0i2QMwOLCE5S2XDPi74ybXBDZPQgMYLbNs4KaSmN+L/mhC3/RTl/nc82tYx2oT6i1E2AZLec6owypQ3YpSOTr3Ojo4IpG/9acTO0UUXsobYVyc2JqeoblEDX8pQSFf2n99mmyY1NKvHXpa2Eq6xc= root@DESKTOP-49NVMPO-2024-07-02\n"
            },
            "metadata_options": [
              {
                "aws_v1_http_endpoint": 1,
                "aws_v1_http_token": 2,
                "gce_http_endpoint": 1,
                "gce_http_token": 1
              }
            ],
            "name": "tick",
            "network_acceleration_type": "standard",
            "network_interface": [
              {
                "dns_record": [],
                "index": 0,
                "ip_address": "10.10.10.11",
                "ipv4": true,
                "ipv6": false,
                "ipv6_address": "",
                "ipv6_dns_record": [],
                "mac_address": "d0:0d:1b:8e:33:19",
                "nat": true,
                "nat_dns_record": [],
                "nat_ip_address": "51.250.78.231",
                "nat_ip_version": "IPV4",
                "security_group_ids": [],
                "subnet_id": "e9b11n1d2ngfsmmdtvlb"
              }
            ],
            "placement_policy": [
              {
                "host_affinity_rules": [],
                "placement_group_id": "",
                "placement_group_partition": 0
              }
            ],
            "platform_id": "standard-v1",
            "resources": [
              {
                "core_fraction": 100,
                "cores": 4,
                "gpus": 0,
                "memory": 4
              }
            ],
            "scheduling_policy": [
              {
                "preemptible": true
              }
            ],
            "secondary_disk": [],
            "service_account_id": "",
            "status": "running",
            "timeouts": null,
            "zone": "ru-central1-a"
          },
          "sensitive_attributes": [],
          "private": "eyJlMmJmYjczMC1lY2FhLTExZTYtOGY4OC0zNDM2M2JjN2M0YzAiOnsiY3JlYXRlIjozMDAwMDAwMDAwMDAsImRlbGV0ZSI6MzAwMDAwMDAwMDAwLCJ1cGRhdGUiOjMwMDAwMDAwMDAwMH0sInNjaGVtYV92ZXJzaW9uIjoiMSJ9",
          "dependencies": [
            "yandex_vpc_network.vpc_db",
            "yandex_vpc_subnet.subnet_db"
          ]
        }
      ]
    },
    {
      "mode": "managed",
      "type": "yandex_compute_instance",
      "name": "runner",
      "provider": "provider[\"registry.terraform.io/yandex-cloud/yandex\"]",
      "instances": [
        {
          "schema_version": 1,
          "attributes": {
            "allow_recreate": null,
            "allow_stopping_for_update": null,
            "boot_disk": [
              {
                "auto_delete": true,
                "device_name": "fhmus6qima5fo2rn9e5e",
                "disk_id": "fhmus6qima5fo2rn9e5e",
                "initialize_params": [
                  {
                    "block_size": 4096,
                    "description": "",
                    "image_id": "fd874d4jo8jbroqs6d7i",
                    "name": "",
                    "size": 10,
                    "snapshot_id": "",
                    "type": "network-hdd"
                  }
                ],
                "mode": "READ_WRITE"
              }
            ],
            "created_at": "2024-10-06T13:53:39Z",
            "description": "",
            "filesystem": [],
            "folder_id": "b1glq93bir0j2f0sl892",
            "fqdn": "runner.ru-central1.internal",
            "gpu_cluster_id": "",
            "hostname": "runner",
            "id": "fhmkjrko9mqvun56utig",
            "labels": null,
            "local_disk": [],
            "maintenance_grace_period": "",
            "maintenance_policy": null,
            "metadata": {
              "serial-port-enable": "1",
              "ssh-keys": "ubuntu:ssh-rsa AAAAB3NzaC1yc2EAAAADAQABAAABgQDLxyjLSfW4ug6caUUekByUSo14n7vqMrdDSoRs6l445qqpnPPleXTw0yakNfVttf+zWTH2cVgRF5NfWZtCmkx92ICwLYS6eQAo6z9Kh601ofmjFR8jUoqBKhKbI5ZQfpG7jXj1JhDIHu8YAVd7Vm6L7pSSSMjiMHvdVo6JShnOmz6qXNR7M/NsOb8kJRFZPDFLjR5+Vn/1Yp0VnsBQ8hUts7FZaQFeOy7u0+Xm+Erifik6i9sqJRZM7qGReNEETiah7oMy3nKbzKvWKhb9tLxx2P9LgOZViYPYbhFD+RiRqqj0SuXoP+p1mj0aajYFzYv7aJ+gLXJGC60cswqYou4hYUL6DJhTr6QEsbvYF3uU8sv0i2QMwOLCE5S2XDPi74ybXBDZPQgMYLbNs4KaSmN+L/mhC3/RTl/nc82tYx2oT6i1E2AZLec6owypQ3YpSOTr3Ojo4IpG/9acTO0UUXsobYVyc2JqeoblEDX8pQSFf2n99mmyY1NKvHXpa2Eq6xc= root@DESKTOP-49NVMPO-2024-07-02\n"
            },
            "metadata_options": [
              {
                "aws_v1_http_endpoint": 1,
                "aws_v1_http_token": 2,
                "gce_http_endpoint": 1,
                "gce_http_token": 1
              }
            ],
            "name": "runner",
            "network_acceleration_type": "standard",
            "network_interface": [
              {
                "dns_record": [],
                "index": 0,
                "ip_address": "10.10.10.12",
                "ipv4": true,
                "ipv6": false,
                "ipv6_address": "",
                "ipv6_dns_record": [],
                "mac_address": "d0:0d:14:9e:e9:84",
                "nat": true,
                "nat_dns_record": [],
                "nat_ip_address": "84.201.159.246",
                "nat_ip_version": "IPV4",
                "security_group_ids": [],
                "subnet_id": "e9b11n1d2ngfsmmdtvlb"
              }
            ],
            "placement_policy": [
              {
                "host_affinity_rules": [],
                "placement_group_id": "",
                "placement_group_partition": 0
              }
            ],
            "platform_id": "standard-v1",
            "resources": [
              {
                "core_fraction": 100,
                "cores": 4,
                "gpus": 0,
                "memory": 4
              }
            ],
            "scheduling_policy": [
              {
                "preemptible": true
              }
            ],
            "secondary_disk": [],
            "service_account_id": "",
            "status": "running",
            "timeouts": null,
            "zone": "ru-central1-a"
          },
          "sensitive_attributes": [],
          "private": "eyJlMmJmYjczMC1lY2FhLTExZTYtOGY4OC0zNDM2M2JjN2M0YzAiOnsiY3JlYXRlIjozMDAwMDAwMDAwMDAsImRlbGV0ZSI6MzAwMDAwMDAwMDAwLCJ1cGRhdGUiOjMwMDAwMDAwMDAwMH0sInNjaGVtYV92ZXJzaW9uIjoiMSJ9",
          "dependencies": [
            "yandex_vpc_network.vpc_db",
            "yandex_vpc_subnet.subnet_db"
          ]
        }
      ]
    },
    {
      "mode": "managed",
      "type": "yandex_vpc_network",
      "name": "vpc_db",
      "provider": "provider[\"registry.terraform.io/yandex-cloud/yandex\"]",
      "instances": [
        {
          "schema_version": 0,
          "attributes": {
            "created_at": "2024-10-06T13:53:36Z",
            "default_security_group_id": "enp2ejbpg2a69lt6lviv",
            "description": "",
            "folder_id": "b1glq93bir0j2f0sl892",
            "id": "enpetnh3bbjls37f124k",
            "labels": {},
            "name": "vpc_db",
            "subnet_ids": [],
            "timeouts": null
          },
          "sensitive_attributes": [],
          "private": "eyJlMmJmYjczMC1lY2FhLTExZTYtOGY4OC0zNDM2M2JjN2M0YzAiOnsiY3JlYXRlIjo2MDAwMDAwMDAwMCwiZGVsZXRlIjo2MDAwMDAwMDAwMCwidXBkYXRlIjo2MDAwMDAwMDAwMH19"
        }
      ]
    },
    {
      "mode": "managed",
      "type": "yandex_vpc_subnet",
      "name": "subnet_db",
      "provider": "provider[\"registry.terraform.io/yandex-cloud/yandex\"]",
      "instances": [
        {
          "schema_version": 0,
          "attributes": {
            "created_at": "2024-10-06T13:53:38Z",
            "description": "",
            "dhcp_options": [],
            "folder_id": "b1glq93bir0j2f0sl892",
            "id": "e9b11n1d2ngfsmmdtvlb",
            "labels": {},
            "name": "subnet_db",
            "network_id": "enpetnh3bbjls37f124k",
            "route_table_id": "",
            "timeouts": null,
            "v4_cidr_blocks": [
              "10.10.10.0/24"
            ],
            "v6_cidr_blocks": [],
            "zone": "ru-central1-a"
          },
          "sensitive_attributes": [],
          "private": "eyJlMmJmYjczMC1lY2FhLTExZTYtOGY4OC0zNDM2M2JjN2M0YzAiOnsiY3JlYXRlIjoxODAwMDAwMDAwMDAsImRlbGV0ZSI6MTgwMDAwMDAwMDAwLCJ1cGRhdGUiOjE4MDAwMDAwMDAwMH19",
          "dependencies": [
            "yandex_vpc_network.vpc_db"
          ]
        }
      ]
    }
  ],
  "check_results": null
}
